{
  "name": "async-node-concept-mongo",
  "lockfileVersion": 2,
  "requires": true,
  "packages": {
    "": {
      "dependencies": {
        "@mongodb-js/zstd": "^1.0.0"
      }
    },
    "node_modules/@mongodb-js/zstd": {
      "version": "1.0.0",
      "resolved": "https://registry.npmjs.org/@mongodb-js/zstd/-/zstd-1.0.0.tgz",
      "integrity": "sha512-vApdTgi6gxRjgKpKm8z5wtZ5dGNTfh4AewomjMhHanDvCOkv3HQHjJhoodtecdqZnaJm3WcvTYgcL53rQAsOaA==",
      "engines": {
        "node": ">= 10"
      },
      "optionalDependencies": {
        "@mongodb-js/zstd-darwin-arm64": "1.0.0",
        "@mongodb-js/zstd-darwin-x64": "1.0.0",
        "@mongodb-js/zstd-linux-arm64-gnu": "1.0.0",
        "@mongodb-js/zstd-linux-x64-gnu": "1.0.0",
        "@mongodb-js/zstd-win32-x64-msvc": "1.0.0"
      }
    },
    "node_modules/@mongodb-js/zstd-darwin-arm64": {
      "version": "1.0.0",
      "resolved": "https://registry.npmjs.org/@mongodb-js/zstd-darwin-arm64/-/zstd-darwin-arm64-1.0.0.tgz",
      "integrity": "sha512-WRVWJ5BZOcxmbHRPFhUPAIAb8BVLDvH1dJzL3+Wl+xPDevu6eoFKZ6ZPsyyZe4aBFnVgS4bqlpwdQ4ShzrY+HQ==",
      "cpu": [
        "arm64"
      ],
      "optional": true,
      "os": [
        "darwin"
      ],
      "engines": {
        "node": ">= 10"
      }
    },
    "node_modules/@mongodb-js/zstd-darwin-x64": {
      "version": "1.0.0",
      "resolved": "https://registry.npmjs.org/@mongodb-js/zstd-darwin-x64/-/zstd-darwin-x64-1.0.0.tgz",
      "integrity": "sha512-7cInPU8m3by4EawyaDe3GD0WytrTeS9+B3JX2e+XeDChf9RXzFs+zXmVu51lIq8aqS2J+LwYoBPV/xxPdxTS1g==",
      "cpu": [
        "x64"
      ],
      "optional": true,
      "os": [
        "darwin"
      ],
      "engines": {
        "node": ">= 10"
      }
    },
    "node_modules/@mongodb-js/zstd-linux-arm64-gnu": {
      "version": "1.0.0",
      "resolved": "https://registry.npmjs.org/@mongodb-js/zstd-linux-arm64-gnu/-/zstd-linux-arm64-gnu-1.0.0.tgz",
      "integrity": "sha512-qGL8mp2UyJNqGObgnh3NBzAxScVSQxn7bZsLrkSWy1xTytXgAgPmmnmIPhIH5q7Aa/sk797bkIprO8G0bRrNTQ==",
      "cpu": [
        "arm64"
      ],
      "optional": true,
      "os": [
        "linux"
      ],
      "engines": {
        "node": ">= 10"
      }
    },
    "node_modules/@mongodb-js/zstd-linux-x64-gnu": {
      "version": "1.0.0",
      "resolved": "https://registry.npmjs.org/@mongodb-js/zstd-linux-x64-gnu/-/zstd-linux-x64-gnu-1.0.0.tgz",
      "integrity": "sha512-5oBwpDjA3pY0XMo6uqr59ZOJjdkY4Yay6szzIRBzk//z1XpWjPs2Lf2zfRlnlzH7Q3EZEoHqFkk+kH9ZvHBC4Q==",
      "cpu": [
        "x64"
      ],
      "optional": true,
      "os": [
        "linux"
      ],
      "engines": {
        "node": ">= 10"
      }
    },
    "node_modules/@mongodb-js/zstd-win32-x64-msvc": {
      "version": "1.0.0",
      "resolved": "https://registry.npmjs.org/@mongodb-js/zstd-win32-x64-msvc/-/zstd-win32-x64-msvc-1.0.0.tgz",
      "integrity": "sha512-c/7D7l0pw9yIsCmuUDxRaJxT9cmxn3A9u1GeslHuz/DRSMVHY6Sb5srMJlBviUF1Q7YGK5teM03JoHso4+vLlw==",
      "cpu": [
        "x64"
      ],
      "optional": true,
      "os": [
        "win32"
      ],
      "engines": {
        "node": ">= 10"
      }
    }
  },
  "dependencies": {
    "@mongodb-js/zstd": {
      "version": "1.0.0",
      "resolved": "https://registry.npmjs.org/@mongodb-js/zstd/-/zstd-1.0.0.tgz",
      "integrity": "sha512-vApdTgi6gxRjgKpKm8z5wtZ5dGNTfh4AewomjMhHanDvCOkv3HQHjJhoodtecdqZnaJm3WcvTYgcL53rQAsOaA==",
      "requires": {
        "@mongodb-js/zstd-darwin-arm64": "1.0.0",
        "@mongodb-js/zstd-darwin-x64": "1.0.0",
        "@mongodb-js/zstd-linux-arm64-gnu": "1.0.0",
        "@mongodb-js/zstd-linux-x64-gnu": "1.0.0",
        "@mongodb-js/zstd-win32-x64-msvc": "1.0.0"
      }
    },
    "@mongodb-js/zstd-darwin-arm64": {
      "version": "1.0.0",
      "resolved": "https://registry.npmjs.org/@mongodb-js/zstd-darwin-arm64/-/zstd-darwin-arm64-1.0.0.tgz",
      "integrity": "sha512-WRVWJ5BZOcxmbHRPFhUPAIAb8BVLDvH1dJzL3+Wl+xPDevu6eoFKZ6ZPsyyZe4aBFnVgS4bqlpwdQ4ShzrY+HQ==",
      "optional": true
    },
    "@mongodb-js/zstd-darwin-x64": {
      "version": "1.0.0",
      "resolved": "https://registry.npmjs.org/@mongodb-js/zstd-darwin-x64/-/zstd-darwin-x64-1.0.0.tgz",
      "integrity": "sha512-7cInPU8m3by4EawyaDe3GD0WytrTeS9+B3JX2e+XeDChf9RXzFs+zXmVu51lIq8aqS2J+LwYoBPV/xxPdxTS1g==",
      "optional": true
    },
    "@mongodb-js/zstd-linux-arm64-gnu": {
      "version": "1.0.0",
      "resolved": "https://registry.npmjs.org/@mongodb-js/zstd-linux-arm64-gnu/-/zstd-linux-arm64-gnu-1.0.0.tgz",
      "integrity": "sha512-qGL8mp2UyJNqGObgnh3NBzAxScVSQxn7bZsLrkSWy1xTytXgAgPmmnmIPhIH5q7Aa/sk797bkIprO8G0bRrNTQ==",
      "optional": true
    },
    "@mongodb-js/zstd-linux-x64-gnu": {
      "version": "1.0.0",
      "resolved": "https://registry.npmjs.org/@mongodb-js/zstd-linux-x64-gnu/-/zstd-linux-x64-gnu-1.0.0.tgz",
      "integrity": "sha512-5oBwpDjA3pY0XMo6uqr59ZOJjdkY4Yay6szzIRBzk//z1XpWjPs2Lf2zfRlnlzH7Q3EZEoHqFkk+kH9ZvHBC4Q==",
      "optional": true
    },
    "@mongodb-js/zstd-win32-x64-msvc": {
      "version": "1.0.0",
      "resolved": "https://registry.npmjs.org/@mongodb-js/zstd-win32-x64-msvc/-/zstd-win32-x64-msvc-1.0.0.tgz",
      "integrity": "sha512-c/7D7l0pw9yIsCmuUDxRaJxT9cmxn3A9u1GeslHuz/DRSMVHY6Sb5srMJlBviUF1Q7YGK5teM03JoHso4+vLlw==",
      "optional": true
    }
  }
}
